Microsoft Visual Studio Solution File, Format Version 12.00
# Visual Studio Version 17
VisualStudioVersion = 17.5.2.0
MinimumVisualStudioVersion = 10.0.40219.1
Project("{FAE04EC0-301F-11D3-BF4B-00C04F79EFBC}") = "HelloWorldApp", "HelloWorldApp\HelloWorldApp.csproj", "{C93E589B-AE41-E574-3DA8-CEEF9916830C}"
EndProject
Project("{2150E333-8FDC-42A3-9474-1A3956D46DE8}") = "Ex_Files_Learning_C_Sharp", "Ex_Files_Learning_C_Sharp", "{F6C81E90-5E47-E7C2-F06E-0DF421DBDA9B}"
EndProject
Project("{2150E333-8FDC-42A3-9474-1A3956D46DE8}") = "LearningCSharp", "LearningCSharp", "{1BD3FE19-A35C-BE89-FDC2-1A137A065F83}"
EndProject
Project("{2150E333-8FDC-42A3-9474-1A3956D46DE8}") = "DotNet7", "DotNet7", "{1FC4219B-CC22-65AB-09FB-5515C43444CB}"
EndProject
Project("{2150E333-8FDC-42A3-9474-1A3956D46DE8}") = "Finished", "Finished", "{9AAE0C7D-1360-113B-7C4C-AB591BDB4EFC}"
EndProject
Project("{2150E333-8FDC-42A3-9474-1A3956D46DE8}") = "Classes", "Classes", "{BD046633-B7EE-23DD-1FEA-89B31AD8A2CA}"
EndProject
Project("{FAE04EC0-301F-11D3-BF4B-00C04F79EFBC}") = "Defining", "Ex_Files_Learning_C_Sharp\LearningCSharp\DotNet7\Finished\Classes\Defining\Defining.csproj", "{AE98210F-F7C8-F8FA-A3B2-F0E01A0173F2}"
EndProject
Project("{FAE04EC0-301F-11D3-BF4B-00C04F79EFBC}") = "Inheritance", "Ex_Files_Learning_C_Sharp\LearningCSharp\DotNet7\Finished\Classes\Inheritance\Inheritance.csproj", "{5CF6A2E3-697B-EA13-B722-84D103D20CCC}"
EndProject
Project("{FAE04EC0-301F-11D3-BF4B-00C04F79EFBC}") = "Modifiers", "Ex_Files_Learning_C_Sharp\LearningCSharp\DotNet7\Finished\Classes\Modifiers\Modifiers.csproj", "{AD90D678-796B-745D-C7BB-D686C69A0C8D}"
EndProject
Project("{FAE04EC0-301F-11D3-BF4B-00C04F79EFBC}") = "Properties", "Ex_Files_Learning_C_Sharp\LearningCSharp\DotNet7\Finished\Classes\Properties\Properties.csproj", "{40160209-76E9-D3D2-572E-2F7CEF24871E}"
EndProject
Project("{FAE04EC0-301F-11D3-BF4B-00C04F79EFBC}") = "StringRep", "Ex_Files_Learning_C_Sharp\LearningCSharp\DotNet7\Finished\Classes\StringRep\StringRep.csproj", "{F0F331FD-6C54-D7EA-7990-D848F143F8BD}"
EndProject
Project("{2150E333-8FDC-42A3-9474-1A3956D46DE8}") = "Functions", "Functions", "{CAD12261-853D-153B-26EF-BBDCD32885E9}"
EndProject
Project("{FAE04EC0-301F-11D3-BF4B-00C04F79EFBC}") = "Basics", "Ex_Files_Learning_C_Sharp\LearningCSharp\DotNet7\Finished\Functions\Basics\Basics.csproj", "{F5B2A43F-DABA-D8AC-7ED2-80F2A6CDA9BF}"
EndProject
Project("{FAE04EC0-301F-11D3-BF4B-00C04F79EFBC}") = "Params", "Ex_Files_Learning_C_Sharp\LearningCSharp\DotNet7\Finished\Functions\DefaultParams\Params.csproj", "{5448AE96-C46C-D58D-2798-94562AB7441D}"
EndProject
Project("{FAE04EC0-301F-11D3-BF4B-00C04F79EFBC}") = "MultiValues", "Ex_Files_Learning_C_Sharp\LearningCSharp\DotNet7\Finished\Functions\MultiValues\MultiValues.csproj", "{C32F7931-A0C9-ECE0-8AC8-FB91DCFE089C}"
EndProject
Project("{FAE04EC0-301F-11D3-BF4B-00C04F79EFBC}") = "RefAndOut", "Ex_Files_Learning_C_Sharp\LearningCSharp\DotNet7\Finished\Functions\RefAndOutParams\RefAndOut.csproj", "{F11622F9-C900-7B72-69EF-C83E8144185B}"
EndProject
Project("{2150E333-8FDC-42A3-9474-1A3956D46DE8}") = "Overview", "Overview", "{497316A9-4337-F304-2B94-5CAC5FBE8904}"
EndProject
Project("{FAE04EC0-301F-11D3-BF4B-00C04F79EFBC}") = "Comments", "Ex_Files_Learning_C_Sharp\LearningCSharp\DotNet7\Finished\Overview\Comments\Comments.csproj", "{CE40858D-DAF6-95DD-649B-C041C250BCF9}"
EndProject
Project("{FAE04EC0-301F-11D3-BF4B-00C04F79EFBC}") = "HelloWorld", "Ex_Files_Learning_C_Sharp\LearningCSharp\DotNet7\Finished\Overview\HelloWorld\HelloWorld.csproj", "{E34044CD-9326-88D8-3F41-8C90FD19FD21}"
EndProject
Project("{FAE04EC0-301F-11D3-BF4B-00C04F79EFBC}") = "Operators", "Ex_Files_Learning_C_Sharp\LearningCSharp\DotNet7\Finished\Overview\Operators\Operators.csproj", "{6585D0FC-BA70-8D71-0B6B-33141249365C}"
EndProject
Project("{FAE04EC0-301F-11D3-BF4B-00C04F79EFBC}") = "VarsAndData", "Ex_Files_Learning_C_Sharp\LearningCSharp\DotNet7\Finished\Overview\VarsAndData\VarsAndData.csproj", "{B66980E3-57B9-41A7-A077-69F3AD63BDC5}"
EndProject
Project("{2150E333-8FDC-42A3-9474-1A3956D46DE8}") = "Program Flow", "Program Flow", "{998CDA68-1CF8-2446-CF46-65B0006C529F}"
EndProject
Project("{FAE04EC0-301F-11D3-BF4B-00C04F79EFBC}") = "BreakContinue", "Ex_Files_Learning_C_Sharp\LearningCSharp\DotNet7\Finished\Program Flow\BreakContinue\BreakContinue.csproj", "{9CB81F90-EBA2-F70C-7934-70DD38CBE304}"
EndProject
Project("{FAE04EC0-301F-11D3-BF4B-00C04F79EFBC}") = "Conditionals", "Ex_Files_Learning_C_Sharp\LearningCSharp\DotNet7\Finished\Program Flow\Conditional-if\Conditionals.csproj", "{C5DC1194-07C1-F3E5-3A3A-17538C0B370A}"
EndProject
Project("{FAE04EC0-301F-11D3-BF4B-00C04F79EFBC}") = "ConditionalOps", "Ex_Files_Learning_C_Sharp\LearningCSharp\DotNet7\Finished\Program Flow\Conditional-switch\ConditionalOps.csproj", "{804FEE6C-D30E-8586-3870-254E25FC4DBD}"
EndProject
Project("{FAE04EC0-301F-11D3-BF4B-00C04F79EFBC}") = "Exceptions", "Ex_Files_Learning_C_Sharp\LearningCSharp\DotNet7\Finished\Program Flow\Exceptions\Exceptions.csproj", "{329047B2-DA91-6846-E59E-6BA779B1B1E9}"
EndProject
Project("{FAE04EC0-301F-11D3-BF4B-00C04F79EFBC}") = "ForLoops", "Ex_Files_Learning_C_Sharp\LearningCSharp\DotNet7\Finished\Program Flow\ForLoops\ForLoops.csproj", "{2E6F513D-B44A-B26C-DF48-7CE6EAAAC5A9}"
EndProject
Project("{FAE04EC0-301F-11D3-BF4B-00C04F79EFBC}") = "WhileLoops", "Ex_Files_Learning_C_Sharp\LearningCSharp\DotNet7\Finished\Program Flow\WhileLoops\WhileLoops.csproj", "{F12CA5C0-F06D-04A2-54DF-3B7E0238D314}"
EndProject
Project("{2150E333-8FDC-42A3-9474-1A3956D46DE8}") = "Strings", "Strings", "{61A68617-5A4E-B4C8-72B9-49FBAD312BF0}"
EndProject
Project("{FAE04EC0-301F-11D3-BF4B-00C04F79EFBC}") = "Builder", "Ex_Files_Learning_C_Sharp\LearningCSharp\DotNet7\Finished\Strings\Builder\Builder.csproj", "{C43F15B8-0AB2-CF0F-F7CE-1DACFF0FECC5}"
EndProject
Project("{FAE04EC0-301F-11D3-BF4B-00C04F79EFBC}") = "Formatting", "Ex_Files_Learning_C_Sharp\LearningCSharp\DotNet7\Finished\Strings\Formatting\Formatting.csproj", "{9522BC9F-FCB5-FD4F-665B-D2DA43048E9A}"
EndProject
Project("{FAE04EC0-301F-11D3-BF4B-00C04F79EFBC}") = "Strings", "Ex_Files_Learning_C_Sharp\LearningCSharp\DotNet7\Finished\Strings\Interpolation\Strings.csproj", "{1B612016-8C18-D994-AB91-3DD9DC3D3F03}"
EndProject
Project("{FAE04EC0-301F-11D3-BF4B-00C04F79EFBC}") = "Operations", "Ex_Files_Learning_C_Sharp\LearningCSharp\DotNet7\Finished\Strings\Operations\Operations.csproj", "{09A9010C-B67B-7144-1475-576D3A2031F9}"
EndProject
Project("{FAE04EC0-301F-11D3-BF4B-00C04F79EFBC}") = "Parsing", "Ex_Files_Learning_C_Sharp\LearningCSharp\DotNet7\Finished\Strings\Parsing\Parsing.csproj", "{0D2BA0A5-ECC7-1B15-B131-190CD5462147}"
EndProject
Project("{2150E333-8FDC-42A3-9474-1A3956D46DE8}") = "Start", "Start", "{B1260873-47AC-9782-746E-916208A05E80}"
EndProject
Project("{2150E333-8FDC-42A3-9474-1A3956D46DE8}") = "Classes", "Classes", "{7AC5D4D4-949D-4E6B-36F9-C0E575A68904}"
EndProject
Project("{FAE04EC0-301F-11D3-BF4B-00C04F79EFBC}") = "Defining", "Ex_Files_Learning_C_Sharp\LearningCSharp\DotNet7\Start\Classes\Defining\Defining.csproj", "{8DB45346-472B-9B61-9F06-0BF9C43668AF}"
EndProject
Project("{FAE04EC0-301F-11D3-BF4B-00C04F79EFBC}") = "Inheritance", "Ex_Files_Learning_C_Sharp\LearningCSharp\DotNet7\Start\Classes\Inheritance\Inheritance.csproj", "{E4F5D77F-297F-2602-E5A5-818E5EC8A2FE}"
EndProject
Project("{FAE04EC0-301F-11D3-BF4B-00C04F79EFBC}") = "Modifiers", "Ex_Files_Learning_C_Sharp\LearningCSharp\DotNet7\Start\Classes\Modifiers\Modifiers.csproj", "{A3EBA7C2-DF46-9D9C-8AC1-1C62E2F29CDD}"
EndProject
Project("{FAE04EC0-301F-11D3-BF4B-00C04F79EFBC}") = "Properties", "Ex_Files_Learning_C_Sharp\LearningCSharp\DotNet7\Start\Classes\Properties\Properties.csproj", "{3AE127E8-80F2-4CB2-3867-FE97B6F62101}"
EndProject
Project("{FAE04EC0-301F-11D3-BF4B-00C04F79EFBC}") = "StringRep", "Ex_Files_Learning_C_Sharp\LearningCSharp\DotNet7\Start\Classes\StringRep\StringRep.csproj", "{C205FC1C-CFF5-B6A8-E35A-DCEB8B69A5C7}"
EndProject
Project("{2150E333-8FDC-42A3-9474-1A3956D46DE8}") = "Functions", "Functions", "{BDD063B7-D1BD-8EB2-986F-4B60CD217CA2}"
EndProject
Project("{FAE04EC0-301F-11D3-BF4B-00C04F79EFBC}") = "Basics", "Ex_Files_Learning_C_Sharp\LearningCSharp\DotNet7\Start\Functions\Basics\Basics.csproj", "{8A18500E-2260-91AD-1D4F-BEEC09D3E3F0}"
EndProject
Project("{FAE04EC0-301F-11D3-BF4B-00C04F79EFBC}") = "Params", "Ex_Files_Learning_C_Sharp\LearningCSharp\DotNet7\Start\Functions\DefaultParams\Params.csproj", "{9237E1CB-131F-D065-EC37-772EB7EF2AB1}"
EndProject
Project("{FAE04EC0-301F-11D3-BF4B-00C04F79EFBC}") = "MultiValues", "Ex_Files_Learning_C_Sharp\LearningCSharp\DotNet7\Start\Functions\MultiValues\MultiValues.csproj", "{109B5F83-0230-B212-772C-EF0807E923D5}"
EndProject
Project("{FAE04EC0-301F-11D3-BF4B-00C04F79EFBC}") = "RefAndOut", "Ex_Files_Learning_C_Sharp\LearningCSharp\DotNet7\Start\Functions\RefAndOutParams\RefAndOut.csproj", "{58657316-CC40-6FB3-3501-CEC1757EF660}"
EndProject
Project("{2150E333-8FDC-42A3-9474-1A3956D46DE8}") = "Overview", "Overview", "{58E8842E-DEA4-883F-F73F-5FD09BC24D9A}"
EndProject
Project("{FAE04EC0-301F-11D3-BF4B-00C04F79EFBC}") = "Comments", "Ex_Files_Learning_C_Sharp\LearningCSharp\DotNet7\Start\Overview\Comments\Comments.csproj", "{427CE92C-0FBE-B51F-4D25-40C9BB983AC0}"
EndProject
Project("{FAE04EC0-301F-11D3-BF4B-00C04F79EFBC}") = "Operators", "Ex_Files_Learning_C_Sharp\LearningCSharp\DotNet7\Start\Overview\Operators\Operators.csproj", "{D20F7D6E-FA3C-67FA-C9C8-7AF5E943A667}"
EndProject
Project("{FAE04EC0-301F-11D3-BF4B-00C04F79EFBC}") = "VarsAndData", "Ex_Files_Learning_C_Sharp\LearningCSharp\DotNet7\Start\Overview\VarsAndData\VarsAndData.csproj", "{942F6947-D306-4954-F7DF-992AA0C27741}"
EndProject
Project("{2150E333-8FDC-42A3-9474-1A3956D46DE8}") = "Program Flow", "Program Flow", "{785E4816-82A8-9F08-6FC0-FB3CD7ACEEEF}"
EndProject
Project("{FAE04EC0-301F-11D3-BF4B-00C04F79EFBC}") = "BreakContinue", "Ex_Files_Learning_C_Sharp\LearningCSharp\DotNet7\Start\Program Flow\BreakContinue\BreakContinue.csproj", "{4FD07BDB-5E43-872E-11ED-A6AA19AA9F04}"
EndProject
Project("{FAE04EC0-301F-11D3-BF4B-00C04F79EFBC}") = "Conditionals", "Ex_Files_Learning_C_Sharp\LearningCSharp\DotNet7\Start\Program Flow\Conditional-if\Conditionals.csproj", "{E1120CCD-2DD8-D8AB-2D99-E33618602C59}"
EndProject
Project("{FAE04EC0-301F-11D3-BF4B-00C04F79EFBC}") = "ConditionalOps", "Ex_Files_Learning_C_Sharp\LearningCSharp\DotNet7\Start\Program Flow\Conditional-switch\ConditionalOps.csproj", "{FA880AA8-62E4-4B74-AB63-3A5B88A11343}"
EndProject
Project("{FAE04EC0-301F-11D3-BF4B-00C04F79EFBC}") = "Exceptions", "Ex_Files_Learning_C_Sharp\LearningCSharp\DotNet7\Start\Program Flow\Exceptions\Exceptions.csproj", "{19606F8A-29BA-767D-4398-24806127FE0E}"
EndProject
Project("{FAE04EC0-301F-11D3-BF4B-00C04F79EFBC}") = "ForLoops", "Ex_Files_Learning_C_Sharp\LearningCSharp\DotNet7\Start\Program Flow\ForLoops\ForLoops.csproj", "{68C157B0-2325-B80E-4D69-4A403673D009}"
EndProject
Project("{FAE04EC0-301F-11D3-BF4B-00C04F79EFBC}") = "WhileLoops", "Ex_Files_Learning_C_Sharp\LearningCSharp\DotNet7\Start\Program Flow\WhileLoops\WhileLoops.csproj", "{A4073CA9-EC11-E89E-A26F-703E45709AAC}"
EndProject
Project("{2150E333-8FDC-42A3-9474-1A3956D46DE8}") = "Strings", "Strings", "{B8DC2FC9-2554-4C2A-9182-849AF0DB6CA1}"
EndProject
Project("{FAE04EC0-301F-11D3-BF4B-00C04F79EFBC}") = "Builder", "Ex_Files_Learning_C_Sharp\LearningCSharp\DotNet7\Start\Strings\Builder\Builder.csproj", "{4C34D91F-71B8-9B6A-592F-A89BDB6CD6F6}"
EndProject
Project("{FAE04EC0-301F-11D3-BF4B-00C04F79EFBC}") = "Formatting", "Ex_Files_Learning_C_Sharp\LearningCSharp\DotNet7\Start\Strings\Formatting\Formatting.csproj", "{40E34C0A-79C0-1EBB-A453-F5FEF0C30517}"
EndProject
Project("{FAE04EC0-301F-11D3-BF4B-00C04F79EFBC}") = "Strings", "Ex_Files_Learning_C_Sharp\LearningCSharp\DotNet7\Start\Strings\Interpolation\Strings.csproj", "{D5D098BF-B105-88F5-7767-E76DD122D33A}"
EndProject
Project("{FAE04EC0-301F-11D3-BF4B-00C04F79EFBC}") = "Operations", "Ex_Files_Learning_C_Sharp\LearningCSharp\DotNet7\Start\Strings\Operations\Operations.csproj", "{142B4DDB-F078-9030-B9B7-3F1F4583ECB1}"
EndProject
Project("{FAE04EC0-301F-11D3-BF4B-00C04F79EFBC}") = "Parsing", "Ex_Files_Learning_C_Sharp\LearningCSharp\DotNet7\Start\Strings\Parsing\Parsing.csproj", "{CBF745C9-AC9D-DF7B-E62C-8024FA6B930A}"
EndProject
Global
	GlobalSection(SolutionConfigurationPlatforms) = preSolution
		Debug|Any CPU = Debug|Any CPU
		Release|Any CPU = Release|Any CPU
	EndGlobalSection
	GlobalSection(ProjectConfigurationPlatforms) = postSolution
		{C93E589B-AE41-E574-3DA8-CEEF9916830C}.Debug|Any CPU.ActiveCfg = Debug|Any CPU
		{C93E589B-AE41-E574-3DA8-CEEF9916830C}.Debug|Any CPU.Build.0 = Debug|Any CPU
		{C93E589B-AE41-E574-3DA8-CEEF9916830C}.Release|Any CPU.ActiveCfg = Release|Any CPU
		{C93E589B-AE41-E574-3DA8-CEEF9916830C}.Release|Any CPU.Build.0 = Release|Any CPU
		{AE98210F-F7C8-F8FA-A3B2-F0E01A0173F2}.Debug|Any CPU.ActiveCfg = Debug|Any CPU
		{AE98210F-F7C8-F8FA-A3B2-F0E01A0173F2}.Debug|Any CPU.Build.0 = Debug|Any CPU
		{AE98210F-F7C8-F8FA-A3B2-F0E01A0173F2}.Release|Any CPU.ActiveCfg = Release|Any CPU
		{AE98210F-F7C8-F8FA-A3B2-F0E01A0173F2}.Release|Any CPU.Build.0 = Release|Any CPU
		{5CF6A2E3-697B-EA13-B722-84D103D20CCC}.Debug|Any CPU.ActiveCfg = Debug|Any CPU
		{5CF6A2E3-697B-EA13-B722-84D103D20CCC}.Debug|Any CPU.Build.0 = Debug|Any CPU
		{5CF6A2E3-697B-EA13-B722-84D103D20CCC}.Release|Any CPU.ActiveCfg = Release|Any CPU
		{5CF6A2E3-697B-EA13-B722-84D103D20CCC}.Release|Any CPU.Build.0 = Release|Any CPU
		{AD90D678-796B-745D-C7BB-D686C69A0C8D}.Debug|Any CPU.ActiveCfg = Debug|Any CPU
		{AD90D678-796B-745D-C7BB-D686C69A0C8D}.Debug|Any CPU.Build.0 = Debug|Any CPU
		{AD90D678-796B-745D-C7BB-D686C69A0C8D}.Release|Any CPU.ActiveCfg = Release|Any CPU
		{AD90D678-796B-745D-C7BB-D686C69A0C8D}.Release|Any CPU.Build.0 = Release|Any CPU
		{40160209-76E9-D3D2-572E-2F7CEF24871E}.Debug|Any CPU.ActiveCfg = Debug|Any CPU
		{40160209-76E9-D3D2-572E-2F7CEF24871E}.Debug|Any CPU.Build.0 = Debug|Any CPU
		{40160209-76E9-D3D2-572E-2F7CEF24871E}.Release|Any CPU.ActiveCfg = Release|Any CPU
		{40160209-76E9-D3D2-572E-2F7CEF24871E}.Release|Any CPU.Build.0 = Release|Any CPU
		{F0F331FD-6C54-D7EA-7990-D848F143F8BD}.Debug|Any CPU.ActiveCfg = Debug|Any CPU
		{F0F331FD-6C54-D7EA-7990-D848F143F8BD}.Debug|Any CPU.Build.0 = Debug|Any CPU
		{F0F331FD-6C54-D7EA-7990-D848F143F8BD}.Release|Any CPU.ActiveCfg = Release|Any CPU
		{F0F331FD-6C54-D7EA-7990-D848F143F8BD}.Release|Any CPU.Build.0 = Release|Any CPU
		{F5B2A43F-DABA-D8AC-7ED2-80F2A6CDA9BF}.Debug|Any CPU.ActiveCfg = Debug|Any CPU
		{F5B2A43F-DABA-D8AC-7ED2-80F2A6CDA9BF}.Debug|Any CPU.Build.0 = Debug|Any CPU
		{F5B2A43F-DABA-D8AC-7ED2-80F2A6CDA9BF}.Release|Any CPU.ActiveCfg = Release|Any CPU
		{F5B2A43F-DABA-D8AC-7ED2-80F2A6CDA9BF}.Release|Any CPU.Build.0 = Release|Any CPU
		{5448AE96-C46C-D58D-2798-94562AB7441D}.Debug|Any CPU.ActiveCfg = Debug|Any CPU
		{5448AE96-C46C-D58D-2798-94562AB7441D}.Debug|Any CPU.Build.0 = Debug|Any CPU
		{5448AE96-C46C-D58D-2798-94562AB7441D}.Release|Any CPU.ActiveCfg = Release|Any CPU
		{5448AE96-C46C-D58D-2798-94562AB7441D}.Release|Any CPU.Build.0 = Release|Any CPU
		{C32F7931-A0C9-ECE0-8AC8-FB91DCFE089C}.Debug|Any CPU.ActiveCfg = Debug|Any CPU
		{C32F7931-A0C9-ECE0-8AC8-FB91DCFE089C}.Debug|Any CPU.Build.0 = Debug|Any CPU
		{C32F7931-A0C9-ECE0-8AC8-FB91DCFE089C}.Release|Any CPU.ActiveCfg = Release|Any CPU
		{C32F7931-A0C9-ECE0-8AC8-FB91DCFE089C}.Release|Any CPU.Build.0 = Release|Any CPU
		{F11622F9-C900-7B72-69EF-C83E8144185B}.Debug|Any CPU.ActiveCfg = Debug|Any CPU
		{F11622F9-C900-7B72-69EF-C83E8144185B}.Debug|Any CPU.Build.0 = Debug|Any CPU
		{F11622F9-C900-7B72-69EF-C83E8144185B}.Release|Any CPU.ActiveCfg = Release|Any CPU
		{F11622F9-C900-7B72-69EF-C83E8144185B}.Release|Any CPU.Build.0 = Release|Any CPU
		{CE40858D-DAF6-95DD-649B-C041C250BCF9}.Debug|Any CPU.ActiveCfg = Debug|Any CPU
		{CE40858D-DAF6-95DD-649B-C041C250BCF9}.Debug|Any CPU.Build.0 = Debug|Any CPU
		{CE40858D-DAF6-95DD-649B-C041C250BCF9}.Release|Any CPU.ActiveCfg = Release|Any CPU
		{CE40858D-DAF6-95DD-649B-C041C250BCF9}.Release|Any CPU.Build.0 = Release|Any CPU
		{E34044CD-9326-88D8-3F41-8C90FD19FD21}.Debug|Any CPU.ActiveCfg = Debug|Any CPU
		{E34044CD-9326-88D8-3F41-8C90FD19FD21}.Debug|Any CPU.Build.0 = Debug|Any CPU
		{E34044CD-9326-88D8-3F41-8C90FD19FD21}.Release|Any CPU.ActiveCfg = Release|Any CPU
		{E34044CD-9326-88D8-3F41-8C90FD19FD21}.Release|Any CPU.Build.0 = Release|Any CPU
		{6585D0FC-BA70-8D71-0B6B-33141249365C}.Debug|Any CPU.ActiveCfg = Debug|Any CPU
		{6585D0FC-BA70-8D71-0B6B-33141249365C}.Debug|Any CPU.Build.0 = Debug|Any CPU
		{6585D0FC-BA70-8D71-0B6B-33141249365C}.Release|Any CPU.ActiveCfg = Release|Any CPU
		{6585D0FC-BA70-8D71-0B6B-33141249365C}.Release|Any CPU.Build.0 = Release|Any CPU
		{B66980E3-57B9-41A7-A077-69F3AD63BDC5}.Debug|Any CPU.ActiveCfg = Debug|Any CPU
		{B66980E3-57B9-41A7-A077-69F3AD63BDC5}.Debug|Any CPU.Build.0 = Debug|Any CPU
		{B66980E3-57B9-41A7-A077-69F3AD63BDC5}.Release|Any CPU.ActiveCfg = Release|Any CPU
		{B66980E3-57B9-41A7-A077-69F3AD63BDC5}.Release|Any CPU.Build.0 = Release|Any CPU
		{9CB81F90-EBA2-F70C-7934-70DD38CBE304}.Debug|Any CPU.ActiveCfg = Debug|Any CPU
		{9CB81F90-EBA2-F70C-7934-70DD38CBE304}.Debug|Any CPU.Build.0 = Debug|Any CPU
		{9CB81F90-EBA2-F70C-7934-70DD38CBE304}.Release|Any CPU.ActiveCfg = Release|Any CPU
		{9CB81F90-EBA2-F70C-7934-70DD38CBE304}.Release|Any CPU.Build.0 = Release|Any CPU
		{C5DC1194-07C1-F3E5-3A3A-17538C0B370A}.Debug|Any CPU.ActiveCfg = Debug|Any CPU
		{C5DC1194-07C1-F3E5-3A3A-17538C0B370A}.Debug|Any CPU.Build.0 = Debug|Any CPU
		{C5DC1194-07C1-F3E5-3A3A-17538C0B370A}.Release|Any CPU.ActiveCfg = Release|Any CPU
		{C5DC1194-07C1-F3E5-3A3A-17538C0B370A}.Release|Any CPU.Build.0 = Release|Any CPU
		{804FEE6C-D30E-8586-3870-254E25FC4DBD}.Debug|Any CPU.ActiveCfg = Debug|Any CPU
		{804FEE6C-D30E-8586-3870-254E25FC4DBD}.Debug|Any CPU.Build.0 = Debug|Any CPU
		{804FEE6C-D30E-8586-3870-254E25FC4DBD}.Release|Any CPU.ActiveCfg = Release|Any CPU
		{804FEE6C-D30E-8586-3870-254E25FC4DBD}.Release|Any CPU.Build.0 = Release|Any CPU
		{329047B2-DA91-6846-E59E-6BA779B1B1E9}.Debug|Any CPU.ActiveCfg = Debug|Any CPU
		{329047B2-DA91-6846-E59E-6BA779B1B1E9}.Debug|Any CPU.Build.0 = Debug|Any CPU
		{329047B2-DA91-6846-E59E-6BA779B1B1E9}.Release|Any CPU.ActiveCfg = Release|Any CPU
		{329047B2-DA91-6846-E59E-6BA779B1B1E9}.Release|Any CPU.Build.0 = Release|Any CPU
		{2E6F513D-B44A-B26C-DF48-7CE6EAAAC5A9}.Debug|Any CPU.ActiveCfg = Debug|Any CPU
		{2E6F513D-B44A-B26C-DF48-7CE6EAAAC5A9}.Debug|Any CPU.Build.0 = Debug|Any CPU
		{2E6F513D-B44A-B26C-DF48-7CE6EAAAC5A9}.Release|Any CPU.ActiveCfg = Release|Any CPU
		{2E6F513D-B44A-B26C-DF48-7CE6EAAAC5A9}.Release|Any CPU.Build.0 = Release|Any CPU
		{F12CA5C0-F06D-04A2-54DF-3B7E0238D314}.Debug|Any CPU.ActiveCfg = Debug|Any CPU
		{F12CA5C0-F06D-04A2-54DF-3B7E0238D314}.Debug|Any CPU.Build.0 = Debug|Any CPU
		{F12CA5C0-F06D-04A2-54DF-3B7E0238D314}.Release|Any CPU.ActiveCfg = Release|Any CPU
		{F12CA5C0-F06D-04A2-54DF-3B7E0238D314}.Release|Any CPU.Build.0 = Release|Any CPU
		{C43F15B8-0AB2-CF0F-F7CE-1DACFF0FECC5}.Debug|Any CPU.ActiveCfg = Debug|Any CPU
		{C43F15B8-0AB2-CF0F-F7CE-1DACFF0FECC5}.Debug|Any CPU.Build.0 = Debug|Any CPU
		{C43F15B8-0AB2-CF0F-F7CE-1DACFF0FECC5}.Release|Any CPU.ActiveCfg = Release|Any CPU
		{C43F15B8-0AB2-CF0F-F7CE-1DACFF0FECC5}.Release|Any CPU.Build.0 = Release|Any CPU
		{9522BC9F-FCB5-FD4F-665B-D2DA43048E9A}.Debug|Any CPU.ActiveCfg = Debug|Any CPU
		{9522BC9F-FCB5-FD4F-665B-D2DA43048E9A}.Debug|Any CPU.Build.0 = Debug|Any CPU
		{9522BC9F-FCB5-FD4F-665B-D2DA43048E9A}.Release|Any CPU.ActiveCfg = Release|Any CPU
		{9522BC9F-FCB5-FD4F-665B-D2DA43048E9A}.Release|Any CPU.Build.0 = Release|Any CPU
		{1B612016-8C18-D994-AB91-3DD9DC3D3F03}.Debug|Any CPU.ActiveCfg = Debug|Any CPU
		{1B612016-8C18-D994-AB91-3DD9DC3D3F03}.Debug|Any CPU.Build.0 = Debug|Any CPU
		{1B612016-8C18-D994-AB91-3DD9DC3D3F03}.Release|Any CPU.ActiveCfg = Release|Any CPU
		{1B612016-8C18-D994-AB91-3DD9DC3D3F03}.Release|Any CPU.Build.0 = Release|Any CPU
		{09A9010C-B67B-7144-1475-576D3A2031F9}.Debug|Any CPU.ActiveCfg = Debug|Any CPU
		{09A9010C-B67B-7144-1475-576D3A2031F9}.Debug|Any CPU.Build.0 = Debug|Any CPU
		{09A9010C-B67B-7144-1475-576D3A2031F9}.Release|Any CPU.ActiveCfg = Release|Any CPU
		{09A9010C-B67B-7144-1475-576D3A2031F9}.Release|Any CPU.Build.0 = Release|Any CPU
		{0D2BA0A5-ECC7-1B15-B131-190CD5462147}.Debug|Any CPU.ActiveCfg = Debug|Any CPU
		{0D2BA0A5-ECC7-1B15-B131-190CD5462147}.Debug|Any CPU.Build.0 = Debug|Any CPU
		{0D2BA0A5-ECC7-1B15-B131-190CD5462147}.Release|Any CPU.ActiveCfg = Release|Any CPU
		{0D2BA0A5-ECC7-1B15-B131-190CD5462147}.Release|Any CPU.Build.0 = Release|Any CPU
		{8DB45346-472B-9B61-9F06-0BF9C43668AF}.Debug|Any CPU.ActiveCfg = Debug|Any CPU
		{8DB45346-472B-9B61-9F06-0BF9C43668AF}.Debug|Any CPU.Build.0 = Debug|Any CPU
		{8DB45346-472B-9B61-9F06-0BF9C43668AF}.Release|Any CPU.ActiveCfg = Release|Any CPU
		{8DB45346-472B-9B61-9F06-0BF9C43668AF}.Release|Any CPU.Build.0 = Release|Any CPU
		{E4F5D77F-297F-2602-E5A5-818E5EC8A2FE}.Debug|Any CPU.ActiveCfg = Debug|Any CPU
		{E4F5D77F-297F-2602-E5A5-818E5EC8A2FE}.Debug|Any CPU.Build.0 = Debug|Any CPU
		{E4F5D77F-297F-2602-E5A5-818E5EC8A2FE}.Release|Any CPU.ActiveCfg = Release|Any CPU
		{E4F5D77F-297F-2602-E5A5-818E5EC8A2FE}.Release|Any CPU.Build.0 = Release|Any CPU
		{A3EBA7C2-DF46-9D9C-8AC1-1C62E2F29CDD}.Debug|Any CPU.ActiveCfg = Debug|Any CPU
		{A3EBA7C2-DF46-9D9C-8AC1-1C62E2F29CDD}.Debug|Any CPU.Build.0 = Debug|Any CPU
		{A3EBA7C2-DF46-9D9C-8AC1-1C62E2F29CDD}.Release|Any CPU.ActiveCfg = Release|Any CPU
		{A3EBA7C2-DF46-9D9C-8AC1-1C62E2F29CDD}.Release|Any CPU.Build.0 = Release|Any CPU
		{3AE127E8-80F2-4CB2-3867-FE97B6F62101}.Debug|Any CPU.ActiveCfg = Debug|Any CPU
		{3AE127E8-80F2-4CB2-3867-FE97B6F62101}.Debug|Any CPU.Build.0 = Debug|Any CPU
		{3AE127E8-80F2-4CB2-3867-FE97B6F62101}.Release|Any CPU.ActiveCfg = Release|Any CPU
		{3AE127E8-80F2-4CB2-3867-FE97B6F62101}.Release|Any CPU.Build.0 = Release|Any CPU
		{C205FC1C-CFF5-B6A8-E35A-DCEB8B69A5C7}.Debug|Any CPU.ActiveCfg = Debug|Any CPU
		{C205FC1C-CFF5-B6A8-E35A-DCEB8B69A5C7}.Debug|Any CPU.Build.0 = Debug|Any CPU
		{C205FC1C-CFF5-B6A8-E35A-DCEB8B69A5C7}.Release|Any CPU.ActiveCfg = Release|Any CPU
		{C205FC1C-CFF5-B6A8-E35A-DCEB8B69A5C7}.Release|Any CPU.Build.0 = Release|Any CPU
		{8A18500E-2260-91AD-1D4F-BEEC09D3E3F0}.Debug|Any CPU.ActiveCfg = Debug|Any CPU
		{8A18500E-2260-91AD-1D4F-BEEC09D3E3F0}.Debug|Any CPU.Build.0 = Debug|Any CPU
		{8A18500E-2260-91AD-1D4F-BEEC09D3E3F0}.Release|Any CPU.ActiveCfg = Release|Any CPU
		{8A18500E-2260-91AD-1D4F-BEEC09D3E3F0}.Release|Any CPU.Build.0 = Release|Any CPU
		{9237E1CB-131F-D065-EC37-772EB7EF2AB1}.Debug|Any CPU.ActiveCfg = Debug|Any CPU
		{9237E1CB-131F-D065-EC37-772EB7EF2AB1}.Debug|Any CPU.Build.0 = Debug|Any CPU
		{9237E1CB-131F-D065-EC37-772EB7EF2AB1}.Release|Any CPU.ActiveCfg = Release|Any CPU
		{9237E1CB-131F-D065-EC37-772EB7EF2AB1}.Release|Any CPU.Build.0 = Release|Any CPU
		{109B5F83-0230-B212-772C-EF0807E923D5}.Debug|Any CPU.ActiveCfg = Debug|Any CPU
		{109B5F83-0230-B212-772C-EF0807E923D5}.Debug|Any CPU.Build.0 = Debug|Any CPU
		{109B5F83-0230-B212-772C-EF0807E923D5}.Release|Any CPU.ActiveCfg = Release|Any CPU
		{109B5F83-0230-B212-772C-EF0807E923D5}.Release|Any CPU.Build.0 = Release|Any CPU
		{58657316-CC40-6FB3-3501-CEC1757EF660}.Debug|Any CPU.ActiveCfg = Debug|Any CPU
		{58657316-CC40-6FB3-3501-CEC1757EF660}.Debug|Any CPU.Build.0 = Debug|Any CPU
		{58657316-CC40-6FB3-3501-CEC1757EF660}.Release|Any CPU.ActiveCfg = Release|Any CPU
		{58657316-CC40-6FB3-3501-CEC1757EF660}.Release|Any CPU.Build.0 = Release|Any CPU
		{427CE92C-0FBE-B51F-4D25-40C9BB983AC0}.Debug|Any CPU.ActiveCfg = Debug|Any CPU
		{427CE92C-0FBE-B51F-4D25-40C9BB983AC0}.Debug|Any CPU.Build.0 = Debug|Any CPU
		{427CE92C-0FBE-B51F-4D25-40C9BB983AC0}.Release|Any CPU.ActiveCfg = Release|Any CPU
		{427CE92C-0FBE-B51F-4D25-40C9BB983AC0}.Release|Any CPU.Build.0 = Release|Any CPU
		{D20F7D6E-FA3C-67FA-C9C8-7AF5E943A667}.Debug|Any CPU.ActiveCfg = Debug|Any CPU
		{D20F7D6E-FA3C-67FA-C9C8-7AF5E943A667}.Debug|Any CPU.Build.0 = Debug|Any CPU
		{D20F7D6E-FA3C-67FA-C9C8-7AF5E943A667}.Release|Any CPU.ActiveCfg = Release|Any CPU
		{D20F7D6E-FA3C-67FA-C9C8-7AF5E943A667}.Release|Any CPU.Build.0 = Release|Any CPU
		{942F6947-D306-4954-F7DF-992AA0C27741}.Debug|Any CPU.ActiveCfg = Debug|Any CPU
		{942F6947-D306-4954-F7DF-992AA0C27741}.Debug|Any CPU.Build.0 = Debug|Any CPU
		{942F6947-D306-4954-F7DF-992AA0C27741}.Release|Any CPU.ActiveCfg = Release|Any CPU
		{942F6947-D306-4954-F7DF-992AA0C27741}.Release|Any CPU.Build.0 = Release|Any CPU
		{4FD07BDB-5E43-872E-11ED-A6AA19AA9F04}.Debug|Any CPU.ActiveCfg = Debug|Any CPU
		{4FD07BDB-5E43-872E-11ED-A6AA19AA9F04}.Debug|Any CPU.Build.0 = Debug|Any CPU
		{4FD07BDB-5E43-872E-11ED-A6AA19AA9F04}.Release|Any CPU.ActiveCfg = Release|Any CPU
		{4FD07BDB-5E43-872E-11ED-A6AA19AA9F04}.Release|Any CPU.Build.0 = Release|Any CPU
		{E1120CCD-2DD8-D8AB-2D99-E33618602C59}.Debug|Any CPU.ActiveCfg = Debug|Any CPU
		{E1120CCD-2DD8-D8AB-2D99-E33618602C59}.Debug|Any CPU.Build.0 = Debug|Any CPU
		{E1120CCD-2DD8-D8AB-2D99-E33618602C59}.Release|Any CPU.ActiveCfg = Release|Any CPU
		{E1120CCD-2DD8-D8AB-2D99-E33618602C59}.Release|Any CPU.Build.0 = Release|Any CPU
		{FA880AA8-62E4-4B74-AB63-3A5B88A11343}.Debug|Any CPU.ActiveCfg = Debug|Any CPU
		{FA880AA8-62E4-4B74-AB63-3A5B88A11343}.Debug|Any CPU.Build.0 = Debug|Any CPU
		{FA880AA8-62E4-4B74-AB63-3A5B88A11343}.Release|Any CPU.ActiveCfg = Release|Any CPU
		{FA880AA8-62E4-4B74-AB63-3A5B88A11343}.Release|Any CPU.Build.0 = Release|Any CPU
		{19606F8A-29BA-767D-4398-24806127FE0E}.Debug|Any CPU.ActiveCfg = Debug|Any CPU
		{19606F8A-29BA-767D-4398-24806127FE0E}.Debug|Any CPU.Build.0 = Debug|Any CPU
		{19606F8A-29BA-767D-4398-24806127FE0E}.Release|Any CPU.ActiveCfg = Release|Any CPU
		{19606F8A-29BA-767D-4398-24806127FE0E}.Release|Any CPU.Build.0 = Release|Any CPU
		{68C157B0-2325-B80E-4D69-4A403673D009}.Debug|Any CPU.ActiveCfg = Debug|Any CPU
		{68C157B0-2325-B80E-4D69-4A403673D009}.Debug|Any CPU.Build.0 = Debug|Any CPU
		{68C157B0-2325-B80E-4D69-4A403673D009}.Release|Any CPU.ActiveCfg = Release|Any CPU
		{68C157B0-2325-B80E-4D69-4A403673D009}.Release|Any CPU.Build.0 = Release|Any CPU
		{A4073CA9-EC11-E89E-A26F-703E45709AAC}.Debug|Any CPU.ActiveCfg = Debug|Any CPU
		{A4073CA9-EC11-E89E-A26F-703E45709AAC}.Debug|Any CPU.Build.0 = Debug|Any CPU
		{A4073CA9-EC11-E89E-A26F-703E45709AAC}.Release|Any CPU.ActiveCfg = Release|Any CPU
		{A4073CA9-EC11-E89E-A26F-703E45709AAC}.Release|Any CPU.Build.0 = Release|Any CPU
		{4C34D91F-71B8-9B6A-592F-A89BDB6CD6F6}.Debug|Any CPU.ActiveCfg = Debug|Any CPU
		{4C34D91F-71B8-9B6A-592F-A89BDB6CD6F6}.Debug|Any CPU.Build.0 = Debug|Any CPU
		{4C34D91F-71B8-9B6A-592F-A89BDB6CD6F6}.Release|Any CPU.ActiveCfg = Release|Any CPU
		{4C34D91F-71B8-9B6A-592F-A89BDB6CD6F6}.Release|Any CPU.Build.0 = Release|Any CPU
		{40E34C0A-79C0-1EBB-A453-F5FEF0C30517}.Debug|Any CPU.ActiveCfg = Debug|Any CPU
		{40E34C0A-79C0-1EBB-A453-F5FEF0C30517}.Debug|Any CPU.Build.0 = Debug|Any CPU
		{40E34C0A-79C0-1EBB-A453-F5FEF0C30517}.Release|Any CPU.ActiveCfg = Release|Any CPU
		{40E34C0A-79C0-1EBB-A453-F5FEF0C30517}.Release|Any CPU.Build.0 = Release|Any CPU
		{D5D098BF-B105-88F5-7767-E76DD122D33A}.Debug|Any CPU.ActiveCfg = Debug|Any CPU
		{D5D098BF-B105-88F5-7767-E76DD122D33A}.Debug|Any CPU.Build.0 = Debug|Any CPU
		{D5D098BF-B105-88F5-7767-E76DD122D33A}.Release|Any CPU.ActiveCfg = Release|Any CPU
		{D5D098BF-B105-88F5-7767-E76DD122D33A}.Release|Any CPU.Build.0 = Release|Any CPU
		{142B4DDB-F078-9030-B9B7-3F1F4583ECB1}.Debug|Any CPU.ActiveCfg = Debug|Any CPU
		{142B4DDB-F078-9030-B9B7-3F1F4583ECB1}.Debug|Any CPU.Build.0 = Debug|Any CPU
		{142B4DDB-F078-9030-B9B7-3F1F4583ECB1}.Release|Any CPU.ActiveCfg = Release|Any CPU
		{142B4DDB-F078-9030-B9B7-3F1F4583ECB1}.Release|Any CPU.Build.0 = Release|Any CPU
		{CBF745C9-AC9D-DF7B-E62C-8024FA6B930A}.Debug|Any CPU.ActiveCfg = Debug|Any CPU
		{CBF745C9-AC9D-DF7B-E62C-8024FA6B930A}.Debug|Any CPU.Build.0 = Debug|Any CPU
		{CBF745C9-AC9D-DF7B-E62C-8024FA6B930A}.Release|Any CPU.ActiveCfg = Release|Any CPU
		{CBF745C9-AC9D-DF7B-E62C-8024FA6B930A}.Release|Any CPU.Build.0 = Release|Any CPU
	EndGlobalSection
	GlobalSection(SolutionProperties) = preSolution
		HideSolutionNode = FALSE
	EndGlobalSection
	GlobalSection(NestedProjects) = preSolution
		{1BD3FE19-A35C-BE89-FDC2-1A137A065F83} = {F6C81E90-5E47-E7C2-F06E-0DF421DBDA9B}
		{1FC4219B-CC22-65AB-09FB-5515C43444CB} = {1BD3FE19-A35C-BE89-FDC2-1A137A065F83}
		{9AAE0C7D-1360-113B-7C4C-AB591BDB4EFC} = {1FC4219B-CC22-65AB-09FB-5515C43444CB}
		{BD046633-B7EE-23DD-1FEA-89B31AD8A2CA} = {9AAE0C7D-1360-113B-7C4C-AB591BDB4EFC}
		{AE98210F-F7C8-F8FA-A3B2-F0E01A0173F2} = {BD046633-B7EE-23DD-1FEA-89B31AD8A2CA}
		{5CF6A2E3-697B-EA13-B722-84D103D20CCC} = {BD046633-B7EE-23DD-1FEA-89B31AD8A2CA}
		{AD90D678-796B-745D-C7BB-D686C69A0C8D} = {BD046633-B7EE-23DD-1FEA-89B31AD8A2CA}
		{40160209-76E9-D3D2-572E-2F7CEF24871E} = {BD046633-B7EE-23DD-1FEA-89B31AD8A2CA}
		{F0F331FD-6C54-D7EA-7990-D848F143F8BD} = {BD046633-B7EE-23DD-1FEA-89B31AD8A2CA}
		{CAD12261-853D-153B-26EF-BBDCD32885E9} = {9AAE0C7D-1360-113B-7C4C-AB591BDB4EFC}
		{F5B2A43F-DABA-D8AC-7ED2-80F2A6CDA9BF} = {CAD12261-853D-153B-26EF-BBDCD32885E9}
		{5448AE96-C46C-D58D-2798-94562AB7441D} = {CAD12261-853D-153B-26EF-BBDCD32885E9}
		{C32F7931-A0C9-ECE0-8AC8-FB91DCFE089C} = {CAD12261-853D-153B-26EF-BBDCD32885E9}
		{F11622F9-C900-7B72-69EF-C83E8144185B} = {CAD12261-853D-153B-26EF-BBDCD32885E9}
		{497316A9-4337-F304-2B94-5CAC5FBE8904} = {9AAE0C7D-1360-113B-7C4C-AB591BDB4EFC}
		{CE40858D-DAF6-95DD-649B-C041C250BCF9} = {497316A9-4337-F304-2B94-5CAC5FBE8904}
		{E34044CD-9326-88D8-3F41-8C90FD19FD21} = {497316A9-4337-F304-2B94-5CAC5FBE8904}
		{6585D0FC-BA70-8D71-0B6B-33141249365C} = {497316A9-4337-F304-2B94-5CAC5FBE8904}
		{B66980E3-57B9-41A7-A077-69F3AD63BDC5} = {497316A9-4337-F304-2B94-5CAC5FBE8904}
		{998CDA68-1CF8-2446-CF46-65B0006C529F} = {9AAE0C7D-1360-113B-7C4C-AB591BDB4EFC}
		{9CB81F90-EBA2-F70C-7934-70DD38CBE304} = {998CDA68-1CF8-2446-CF46-65B0006C529F}
		{C5DC1194-07C1-F3E5-3A3A-17538C0B370A} = {998CDA68-1CF8-2446-CF46-65B0006C529F}
		{804FEE6C-D30E-8586-3870-254E25FC4DBD} = {998CDA68-1CF8-2446-CF46-65B0006C529F}
		{329047B2-DA91-6846-E59E-6BA779B1B1E9} = {998CDA68-1CF8-2446-CF46-65B0006C529F}
		{2E6F513D-B44A-B26C-DF48-7CE6EAAAC5A9} = {998CDA68-1CF8-2446-CF46-65B0006C529F}
		{F12CA5C0-F06D-04A2-54DF-3B7E0238D314} = {998CDA68-1CF8-2446-CF46-65B0006C529F}
		{61A68617-5A4E-B4C8-72B9-49FBAD312BF0} = {9AAE0C7D-1360-113B-7C4C-AB591BDB4EFC}
		{C43F15B8-0AB2-CF0F-F7CE-1DACFF0FECC5} = {61A68617-5A4E-B4C8-72B9-49FBAD312BF0}
		{9522BC9F-FCB5-FD4F-665B-D2DA43048E9A} = {61A68617-5A4E-B4C8-72B9-49FBAD312BF0}
		{1B612016-8C18-D994-AB91-3DD9DC3D3F03} = {61A68617-5A4E-B4C8-72B9-49FBAD312BF0}
		{09A9010C-B67B-7144-1475-576D3A2031F9} = {61A68617-5A4E-B4C8-72B9-49FBAD312BF0}
		{0D2BA0A5-ECC7-1B15-B131-190CD5462147} = {61A68617-5A4E-B4C8-72B9-49FBAD312BF0}
		{B1260873-47AC-9782-746E-916208A05E80} = {1FC4219B-CC22-65AB-09FB-5515C43444CB}
		{7AC5D4D4-949D-4E6B-36F9-C0E575A68904} = {B1260873-47AC-9782-746E-916208A05E80}
		{8DB45346-472B-9B61-9F06-0BF9C43668AF} = {7AC5D4D4-949D-4E6B-36F9-C0E575A68904}
		{E4F5D77F-297F-2602-E5A5-818E5EC8A2FE} = {7AC5D4D4-949D-4E6B-36F9-C0E575A68904}
		{A3EBA7C2-DF46-9D9C-8AC1-1C62E2F29CDD} = {7AC5D4D4-949D-4E6B-36F9-C0E575A68904}
		{3AE127E8-80F2-4CB2-3867-FE97B6F62101} = {7AC5D4D4-949D-4E6B-36F9-C0E575A68904}
		{C205FC1C-CFF5-B6A8-E35A-DCEB8B69A5C7} = {7AC5D4D4-949D-4E6B-36F9-C0E575A68904}
		{BDD063B7-D1BD-8EB2-986F-4B60CD217CA2} = {B1260873-47AC-9782-746E-916208A05E80}
		{8A18500E-2260-91AD-1D4F-BEEC09D3E3F0} = {BDD063B7-D1BD-8EB2-986F-4B60CD217CA2}
		{9237E1CB-131F-D065-EC37-772EB7EF2AB1} = {BDD063B7-D1BD-8EB2-986F-4B60CD217CA2}
		{109B5F83-0230-B212-772C-EF0807E923D5} = {BDD063B7-D1BD-8EB2-986F-4B60CD217CA2}
		{58657316-CC40-6FB3-3501-CEC1757EF660} = {BDD063B7-D1BD-8EB2-986F-4B60CD217CA2}
		{58E8842E-DEA4-883F-F73F-5FD09BC24D9A} = {B1260873-47AC-9782-746E-916208A05E80}
		{427CE92C-0FBE-B51F-4D25-40C9BB983AC0} = {58E8842E-DEA4-883F-F73F-5FD09BC24D9A}
		{D20F7D6E-FA3C-67FA-C9C8-7AF5E943A667} = {58E8842E-DEA4-883F-F73F-5FD09BC24D9A}
		{942F6947-D306-4954-F7DF-992AA0C27741} = {58E8842E-DEA4-883F-F73F-5FD09BC24D9A}
		{785E4816-82A8-9F08-6FC0-FB3CD7ACEEEF} = {B1260873-47AC-9782-746E-916208A05E80}
		{4FD07BDB-5E43-872E-11ED-A6AA19AA9F04} = {785E4816-82A8-9F08-6FC0-FB3CD7ACEEEF}
		{E1120CCD-2DD8-D8AB-2D99-E33618602C59} = {785E4816-82A8-9F08-6FC0-FB3CD7ACEEEF}
		{FA880AA8-62E4-4B74-AB63-3A5B88A11343} = {785E4816-82A8-9F08-6FC0-FB3CD7ACEEEF}
		{19606F8A-29BA-767D-4398-24806127FE0E} = {785E4816-82A8-9F08-6FC0-FB3CD7ACEEEF}
		{68C157B0-2325-B80E-4D69-4A403673D009} = {785E4816-82A8-9F08-6FC0-FB3CD7ACEEEF}
		{A4073CA9-EC11-E89E-A26F-703E45709AAC} = {785E4816-82A8-9F08-6FC0-FB3CD7ACEEEF}
		{B8DC2FC9-2554-4C2A-9182-849AF0DB6CA1} = {B1260873-47AC-9782-746E-916208A05E80}
		{4C34D91F-71B8-9B6A-592F-A89BDB6CD6F6} = {B8DC2FC9-2554-4C2A-9182-849AF0DB6CA1}
		{40E34C0A-79C0-1EBB-A453-F5FEF0C30517} = {B8DC2FC9-2554-4C2A-9182-849AF0DB6CA1}
		{D5D098BF-B105-88F5-7767-E76DD122D33A} = {B8DC2FC9-2554-4C2A-9182-849AF0DB6CA1}
		{142B4DDB-F078-9030-B9B7-3F1F4583ECB1} = {B8DC2FC9-2554-4C2A-9182-849AF0DB6CA1}
		{CBF745C9-AC9D-DF7B-E62C-8024FA6B930A} = {B8DC2FC9-2554-4C2A-9182-849AF0DB6CA1}
	EndGlobalSection
	GlobalSection(ExtensibilityGlobals) = postSolution
		SolutionGuid = {6B1E91DB-A5A5-4B6B-9107-DBB2A7DF79C4}
	EndGlobalSection
EndGlobal
